
Microsoft Visual Studio Solution File, Format Version 12.00
# Visual Studio Version 16
VisualStudioVersion = 16.0.810.19
MinimumVisualStudioVersion = 10.0.40219.1
Project("{FAE04EC0-301F-11D3-BF4B-00C04F79EFBC}") = "UML", "UML\UML.csproj", "{89FE5DC4-FB0F-4474-A9EA-C191043FE817}"
EndProject
Global
	GlobalSection(SolutionConfigurationPlatforms) = preSolution
		Debug|Any CPU = Debug|Any CPU
		Release|Any CPU = Release|Any CPU
	EndGlobalSection
	GlobalSection(ProjectConfigurationPlatforms) = postSolution
		{89FE5DC4-FB0F-4474-A9EA-C191043FE817}.Debug|Any CPU.ActiveCfg = Debug|Any CPU
		{89FE5DC4-FB0F-4474-A9EA-C191043FE817}.Debug|Any CPU.Build.0 = Debug|Any CPU
		{89FE5DC4-FB0F-4474-A9EA-C191043FE817}.Release|Any CPU.ActiveCfg = Release|Any CPU
		{89FE5DC4-FB0F-4474-A9EA-C191043FE817}.Release|Any CPU.Build.0 = Release|Any CPU
	EndGlobalSection
	GlobalSection(SolutionProperties) = preSolution
		HideSolutionNode = FALSE
	EndGlobalSection
	GlobalSection(ExtensibilityGlobals) = postSolution
		SolutionGuid = {B2A922CE-C45B-4CA5-9B0B-DF53028147FE}
	EndGlobalSection
EndGlobal
